
Microsoft Visual Studio Solution File, Format Version 12.00
# Visual Studio Version 17
VisualStudioVersion = 17.0.31606.5
MinimumVisualStudioVersion = 10.0.40219.1
Project("{FAE04EC0-301F-11D3-BF4B-00C04F79EFBC}") = "CosmosManagedIdentities", "CosmosManagedIdentities\CosmosManagedIdentities.csproj", "{A78A9262-BA93-40C4-B107-873B3A8C744E}"
EndProject
Global
	GlobalSection(SolutionConfigurationPlatforms) = preSolution
		Debug|Any CPU = Debug|Any CPU
		Release|Any CPU = Release|Any CPU
	EndGlobalSection
	GlobalSection(ProjectConfigurationPlatforms) = postSolution
		{A78A9262-BA93-40C4-B107-873B3A8C744E}.Debug|Any CPU.ActiveCfg = Debug|Any CPU
		{A78A9262-BA93-40C4-B107-873B3A8C744E}.Debug|Any CPU.Build.0 = Debug|Any CPU
		{A78A9262-BA93-40C4-B107-873B3A8C744E}.Release|Any CPU.ActiveCfg = Release|Any CPU
		{A78A9262-BA93-40C4-B107-873B3A8C744E}.Release|Any CPU.Build.0 = Release|Any CPU
	EndGlobalSection
	GlobalSection(SolutionProperties) = preSolution
		HideSolutionNode = FALSE
	EndGlobalSection
	GlobalSection(ExtensibilityGlobals) = postSolution
		SolutionGuid = {A3151C4E-A20A-40B9-A703-A4C23B229F1F}
	EndGlobalSection
EndGlobal
